
Microsoft Visual Studio Solution File, Format Version 12.00
# Visual Studio 15
VisualStudioVersion = 15.0.27703.2035
MinimumVisualStudioVersion = 10.0.40219.1
Project("{FAE04EC0-301F-11D3-BF4B-00C04F79EFBC}") = "WeatherApiCore", "WeatherApiCore\WeatherApiCore.csproj", "{966E2B40-0176-42C6-8FEF-D50A0033B501}"
EndProject
Global
	GlobalSection(SolutionConfigurationPlatforms) = preSolution
		Debug|Any CPU = Debug|Any CPU
		Release|Any CPU = Release|Any CPU
	EndGlobalSection
	GlobalSection(ProjectConfigurationPlatforms) = postSolution
		{966E2B40-0176-42C6-8FEF-D50A0033B501}.Debug|Any CPU.ActiveCfg = Debug|Any CPU
		{966E2B40-0176-42C6-8FEF-D50A0033B501}.Debug|Any CPU.Build.0 = Debug|Any CPU
		{966E2B40-0176-42C6-8FEF-D50A0033B501}.Release|Any CPU.ActiveCfg = Release|Any CPU
		{966E2B40-0176-42C6-8FEF-D50A0033B501}.Release|Any CPU.Build.0 = Release|Any CPU
	EndGlobalSection
	GlobalSection(SolutionProperties) = preSolution
		HideSolutionNode = FALSE
	EndGlobalSection
	GlobalSection(ExtensibilityGlobals) = postSolution
		SolutionGuid = {5D973A74-B620-4925-BA6A-6C553339482A}
	EndGlobalSection
EndGlobal
